// !$*UTF8*$!
{
	archiveVersion = 1;
	classes = {
	};
	objectVersion = 50;
	objects = {

/* Begin PBXBuildFile section */
		FBC3888824EB28560050616C /* change.cpp in Sources */ = {isa = PBXBuildFile; fileRef = FBC3888724EB28560050616C /* change.cpp */; };
		FBC3889E24EB2E6E0050616C /* fractional_knapsack.cpp in Sources */ = {isa = PBXBuildFile; fileRef = FBC3889D24EB2E6E0050616C /* fractional_knapsack.cpp */; };
/* End PBXBuildFile section */

/* Begin PBXCopyFilesBuildPhase section */
		FBC3888224EB28560050616C /* CopyFiles */ = {
			isa = PBXCopyFilesBuildPhase;
			buildActionMask = 2147483647;
			dstPath = /usr/share/man/man1/;
			dstSubfolderSpec = 0;
			files = (
			);
			runOnlyForDeploymentPostprocessing = 1;
		};
		FBC3889924EB2E6E0050616C /* CopyFiles */ = {
			isa = PBXCopyFilesBuildPhase;
			buildActionMask = 2147483647;
			dstPath = /usr/share/man/man1/;
			dstSubfolderSpec = 0;
			files = (
			);
			runOnlyForDeploymentPostprocessing = 1;
		};
/* End PBXCopyFilesBuildPhase section */

/* Begin PBXFileReference section */
		FBC3888424EB28560050616C /* MoneyChange */ = {isa = PBXFileReference; explicitFileType = "compiled.mach-o.executable"; includeInIndex = 0; path = MoneyChange; sourceTree = BUILT_PRODUCTS_DIR; };
		FBC3888724EB28560050616C /* change.cpp */ = {isa = PBXFileReference; lastKnownFileType = sourcecode.cpp.cpp; path = change.cpp; sourceTree = "<group>"; };
		FBC3889B24EB2E6E0050616C /* FractionalKnapsack */ = {isa = PBXFileReference; explicitFileType = "compiled.mach-o.executable"; includeInIndex = 0; path = FractionalKnapsack; sourceTree = BUILT_PRODUCTS_DIR; };
		FBC3889D24EB2E6E0050616C /* fractional_knapsack.cpp */ = {isa = PBXFileReference; lastKnownFileType = sourcecode.cpp.cpp; path = fractional_knapsack.cpp; sourceTree = "<group>"; };
/* End PBXFileReference section */

/* Begin PBXFrameworksBuildPhase section */
		FBC3888124EB28560050616C /* Frameworks */ = {
			isa = PBXFrameworksBuildPhase;
			buildActionMask = 2147483647;
			files = (
			);
			runOnlyForDeploymentPostprocessing = 0;
		};
		FBC3889824EB2E6E0050616C /* Frameworks */ = {
			isa = PBXFrameworksBuildPhase;
			buildActionMask = 2147483647;
			files = (
			);
			runOnlyForDeploymentPostprocessing = 0;
		};
/* End PBXFrameworksBuildPhase section */

/* Begin PBXGroup section */
		FBC3887B24EB28560050616C = {
			isa = PBXGroup;
			children = (
				FBC3888624EB28560050616C /* MoneyChange */,
				FBC3889C24EB2E6E0050616C /* FractionalKnapsack */,
				FBC3888524EB28560050616C /* Products */,
			);
			sourceTree = "<group>";
		};
		FBC3888524EB28560050616C /* Products */ = {
			isa = PBXGroup;
			children = (
				FBC3888424EB28560050616C /* MoneyChange */,
				FBC3889B24EB2E6E0050616C /* FractionalKnapsack */,
			);
			name = Products;
			sourceTree = "<group>";
		};
		FBC3888624EB28560050616C /* MoneyChange */ = {
			isa = PBXGroup;
			children = (
				FBC3888724EB28560050616C /* change.cpp */,
			);
			path = MoneyChange;
			sourceTree = "<group>";
		};
		FBC3889C24EB2E6E0050616C /* FractionalKnapsack */ = {
			isa = PBXGroup;
			children = (
				FBC3889D24EB2E6E0050616C /* fractional_knapsack.cpp */,
			);
			path = FractionalKnapsack;
			sourceTree = "<group>";
		};
/* End PBXGroup section */

/* Begin PBXNativeTarget section */
		FBC3888324EB28560050616C /* MoneyChange */ = {
			isa = PBXNativeTarget;
			buildConfigurationList = FBC3888B24EB28560050616C /* Build configuration list for PBXNativeTarget "MoneyChange" */;
			buildPhases = (
				FBC3888024EB28560050616C /* Sources */,
				FBC3888124EB28560050616C /* Frameworks */,
				FBC3888224EB28560050616C /* CopyFiles */,
			);
			buildRules = (
			);
			dependencies = (
			);
			name = MoneyChange;
			productName = GreedyAlgorithms;
			productReference = FBC3888424EB28560050616C /* MoneyChange */;
			productType = "com.apple.product-type.tool";
		};
		FBC3889A24EB2E6E0050616C /* FractionalKnapsack */ = {
			isa = PBXNativeTarget;
			buildConfigurationList = FBC3889F24EB2E6E0050616C /* Build configuration list for PBXNativeTarget "FractionalKnapsack" */;
			buildPhases = (
				FBC3889724EB2E6E0050616C /* Sources */,
				FBC3889824EB2E6E0050616C /* Frameworks */,
				FBC3889924EB2E6E0050616C /* CopyFiles */,
			);
			buildRules = (
			);
			dependencies = (
			);
			name = FractionalKnapsack;
			productName = FractionalKnapsack;
			productReference = FBC3889B24EB2E6E0050616C /* FractionalKnapsack */;
			productType = "com.apple.product-type.tool";
		};
/* End PBXNativeTarget section */

/* Begin PBXProject section */
		FBC3887C24EB28560050616C /* Project object */ = {
			isa = PBXProject;
			attributes = {
				LastUpgradeCheck = 1150;
				ORGANIZATIONNAME = "Santiago Pelaez Rua";
				TargetAttributes = {
					FBC3888324EB28560050616C = {
						CreatedOnToolsVersion = 11.5;
					};
					FBC3889A24EB2E6E0050616C = {
						CreatedOnToolsVersion = 11.5;
					};
				};
			};
			buildConfigurationList = FBC3887F24EB28560050616C /* Build configuration list for PBXProject "GreedyAlgorithms" */;
			compatibilityVersion = "Xcode 9.3";
			developmentRegion = en;
			hasScannedForEncodings = 0;
			knownRegions = (
				en,
				Base,
			);
			mainGroup = FBC3887B24EB28560050616C;
			productRefGroup = FBC3888524EB28560050616C /* Products */;
			projectDirPath = "";
			projectRoot = "";
			targets = (
				FBC3888324EB28560050616C /* MoneyChange */,
				FBC3889A24EB2E6E0050616C /* FractionalKnapsack */,
			);
		};
/* End PBXProject section */

/* Begin PBXSourcesBuildPhase section */
		FBC3888024EB28560050616C /* Sources */ = {
			isa = PBXSourcesBuildPhase;
			buildActionMask = 2147483647;
			files = (
				FBC3888824EB28560050616C /* change.cpp in Sources */,
			);
			runOnlyForDeploymentPostprocessing = 0;
		};
		FBC3889724EB2E6E0050616C /* Sources */ = {
			isa = PBXSourcesBuildPhase;
			buildActionMask = 2147483647;
			files = (
				FBC3889E24EB2E6E0050616C /* fractional_knapsack.cpp in Sources */,
			);
			runOnlyForDeploymentPostprocessing = 0;
		};
/* End PBXSourcesBuildPhase section */

/* Begin XCBuildConfiguration section */
		FBC3888924EB28560050616C /* Debug */ = {
			isa = XCBuildConfiguration;
			buildSettings = {
				ALWAYS_SEARCH_USER_PATHS = NO;
				CLANG_ANALYZER_NONNULL = YES;
				CLANG_ANALYZER_NUMBER_OBJECT_CONVERSION = YES_AGGRESSIVE;
				CLANG_CXX_LANGUAGE_STANDARD = "gnu++14";
				CLANG_CXX_LIBRARY = "libc++";
				CLANG_ENABLE_MODULES = YES;
				CLANG_ENABLE_OBJC_ARC = YES;
				CLANG_ENABLE_OBJC_WEAK = YES;
				CLANG_WARN_BLOCK_CAPTURE_AUTORELEASING = YES;
				CLANG_WARN_BOOL_CONVERSION = YES;
				CLANG_WARN_COMMA = YES;
				CLANG_WARN_CONSTANT_CONVERSION = YES;
				CLANG_WARN_DEPRECATED_OBJC_IMPLEMENTATIONS = YES;
				CLANG_WARN_DIRECT_OBJC_ISA_USAGE = YES_ERROR;
				CLANG_WARN_DOCUMENTATION_COMMENTS = YES;
				CLANG_WARN_EMPTY_BODY = YES;
				CLANG_WARN_ENUM_CONVERSION = YES;
				CLANG_WARN_INFINITE_RECURSION = YES;
				CLANG_WARN_INT_CONVERSION = YES;
				CLANG_WARN_NON_LITERAL_NULL_CONVERSION = YES;
				CLANG_WARN_OBJC_IMPLICIT_RETAIN_SELF = YES;
				CLANG_WARN_OBJC_LITERAL_CONVERSION = YES;
				CLANG_WARN_OBJC_ROOT_CLASS = YES_ERROR;
				CLANG_WARN_RANGE_LOOP_ANALYSIS = YES;
				CLANG_WARN_STRICT_PROTOTYPES = YES;
				CLANG_WARN_SUSPICIOUS_MOVE = YES;
				CLANG_WARN_UNGUARDED_AVAILABILITY = YES_AGGRESSIVE;
				CLANG_WARN_UNREACHABLE_CODE = YES;
				CLANG_WARN__DUPLICATE_METHOD_MATCH = YES;
				COPY_PHASE_STRIP = NO;
				DEBUG_INFORMATION_FORMAT = dwarf;
				ENABLE_STRICT_OBJC_MSGSEND = YES;
				ENABLE_TESTABILITY = YES;
				GCC_C_LANGUAGE_STANDARD = gnu11;
				GCC_DYNAMIC_NO_PIC = NO;
				GCC_NO_COMMON_BLOCKS = YES;
				GCC_OPTIMIZATION_LEVEL = 0;
				GCC_PREPROCESSOR_DEFINITIONS = (
					"DEBUG=1",
					"$(inherited)",
				);
				GCC_WARN_64_TO_32_BIT_CONVERSION = YES;
				GCC_WARN_ABOUT_RETURN_TYPE = YES_ERROR;
				GCC_WARN_UNDECLARED_SELECTOR = YES;
				GCC_WARN_UNINITIALIZED_AUTOS = YES_AGGRESSIVE;
				GCC_WARN_UNUSED_FUNCTION = YES;
				GCC_WARN_UNUSED_VARIABLE = YES;
				MACOSX_DEPLOYMENT_TARGET = 10.15;
				MTL_ENABLE_DEBUG_INFO = INCLUDE_SOURCE;
				MTL_FAST_MATH = YES;
				ONLY_ACTIVE_ARCH = YES;
				SDKROOT = macosx;
			};
			name = Debug;
		};
		FBC3888A24EB28560050616C /* Release */ = {
			isa = XCBuildConfiguration;
			buildSettings = {
				ALWAYS_SEARCH_USER_PATHS = NO;
				CLANG_ANALYZER_NONNULL = YES;
				CLANG_ANALYZER_NUMBER_OBJECT_CONVERSION = YES_AGGRESSIVE;
				CLANG_CXX_LANGUAGE_STANDARD = "gnu++14";
				CLANG_CXX_LIBRARY = "libc++";
				CLANG_ENABLE_MODULES = YES;
				CLANG_ENABLE_OBJC_ARC = YES;
				CLANG_ENABLE_OBJC_WEAK = YES;
				CLANG_WARN_BLOCK_CAPTURE_AUTORELEASING = YES;
				CLANG_WARN_BOOL_CONVERSION = YES;
				CLANG_WARN_COMMA = YES;
				CLANG_WARN_CONSTANT_CONVERSION = YES;
				CLANG_WARN_DEPRECATED_OBJC_IMPLEMENTATIONS = YES;
				CLANG_WARN_DIRECT_OBJC_ISA_USAGE = YES_ERROR;
				CLANG_WARN_DOCUMENTATION_COMMENTS = YES;
				CLANG_WARN_EMPTY_BODY = YES;
				CLANG_WARN_ENUM_CONVERSION = YES;
				CLANG_WARN_INFINITE_RECURSION = YES;
				CLANG_WARN_INT_CONVERSION = YES;
				CLANG_WARN_NON_LITERAL_NULL_CONVERSION = YES;
				CLANG_WARN_OBJC_IMPLICIT_RETAIN_SELF = YES;
				CLANG_WARN_OBJC_LITERAL_CONVERSION = YES;
				CLANG_WARN_OBJC_ROOT_CLASS = YES_ERROR;
				CLANG_WARN_RANGE_LOOP_ANALYSIS = YES;
				CLANG_WARN_STRICT_PROTOTYPES = YES;
				CLANG_WARN_SUSPICIOUS_MOVE = YES;
				CLANG_WARN_UNGUARDED_AVAILABILITY = YES_AGGRESSIVE;
				CLANG_WARN_UNREACHABLE_CODE = YES;
				CLANG_WARN__DUPLICATE_METHOD_MATCH = YES;
				COPY_PHASE_STRIP = NO;
				DEBUG_INFORMATION_FORMAT = "dwarf-with-dsym";
				ENABLE_NS_ASSERTIONS = NO;
				ENABLE_STRICT_OBJC_MSGSEND = YES;
				GCC_C_LANGUAGE_STANDARD = gnu11;
				GCC_NO_COMMON_BLOCKS = YES;
				GCC_WARN_64_TO_32_BIT_CONVERSION = YES;
				GCC_WARN_ABOUT_RETURN_TYPE = YES_ERROR;
				GCC_WARN_UNDECLARED_SELECTOR = YES;
				GCC_WARN_UNINITIALIZED_AUTOS = YES_AGGRESSIVE;
				GCC_WARN_UNUSED_FUNCTION = YES;
				GCC_WARN_UNUSED_VARIABLE = YES;
				MACOSX_DEPLOYMENT_TARGET = 10.15;
				MTL_ENABLE_DEBUG_INFO = NO;
				MTL_FAST_MATH = YES;
				SDKROOT = macosx;
			};
			name = Release;
		};
		FBC3888C24EB28560050616C /* Debug */ = {
			isa = XCBuildConfiguration;
			buildSettings = {
				CODE_SIGN_STYLE = Automatic;
				DEVELOPMENT_TEAM = 8T8AJDDZXP;
				ENABLE_HARDENED_RUNTIME = YES;
				PRODUCT_NAME = "$(TARGET_NAME)";
			};
			name = Debug;
		};
		FBC3888D24EB28560050616C /* Release */ = {
			isa = XCBuildConfiguration;
			buildSettings = {
				CODE_SIGN_STYLE = Automatic;
				DEVELOPMENT_TEAM = 8T8AJDDZXP;
				ENABLE_HARDENED_RUNTIME = YES;
				PRODUCT_NAME = "$(TARGET_NAME)";
			};
			name = Release;
		};
		FBC388A024EB2E6E0050616C /* Debug */ = {
			isa = XCBuildConfiguration;
			buildSettings = {
				CODE_SIGN_STYLE = Automatic;
				DEVELOPMENT_TEAM = 8T8AJDDZXP;
				ENABLE_HARDENED_RUNTIME = YES;
				PRODUCT_NAME = "$(TARGET_NAME)";
			};
			name = Debug;
		};
		FBC388A124EB2E6E0050616C /* Release */ = {
			isa = XCBuildConfiguration;
			buildSettings = {
				CODE_SIGN_STYLE = Automatic;
				DEVELOPMENT_TEAM = 8T8AJDDZXP;
				ENABLE_HARDENED_RUNTIME = YES;
				PRODUCT_NAME = "$(TARGET_NAME)";
			};
			name = Release;
		};
/* End XCBuildConfiguration section */

/* Begin XCConfigurationList section */
		FBC3887F24EB28560050616C /* Build configuration list for PBXProject "GreedyAlgorithms" */ = {
			isa = XCConfigurationList;
			buildConfigurations = (
				FBC3888924EB28560050616C /* Debug */,
				FBC3888A24EB28560050616C /* Release */,
			);
			defaultConfigurationIsVisible = 0;
			defaultConfigurationName = Release;
		};
		FBC3888B24EB28560050616C /* Build configuration list for PBXNativeTarget "MoneyChange" */ = {
			isa = XCConfigurationList;
			buildConfigurations = (
				FBC3888C24EB28560050616C /* Debug */,
				FBC3888D24EB28560050616C /* Release */,
			);
			defaultConfigurationIsVisible = 0;
			defaultConfigurationName = Release;
		};
		FBC3889F24EB2E6E0050616C /* Build configuration list for PBXNativeTarget "FractionalKnapsack" */ = {
			isa = XCConfigurationList;
			buildConfigurations = (
				FBC388A024EB2E6E0050616C /* Debug */,
				FBC388A124EB2E6E0050616C /* Release */,
			);
			defaultConfigurationIsVisible = 0;
			defaultConfigurationName = Release;
		};
/* End XCConfigurationList section */
	};
	rootObject = FBC3887C24EB28560050616C /* Project object */;
}
