// !$*UTF8*$!
{
	archiveVersion = 1;
	classes = {
	};
	objectVersion = 50;
	objects = {

/* Begin PBXBuildFile section */
		FB937AB124FC1AA60081CB67 /* inversions.cpp in Sources */ = {isa = PBXBuildFile; fileRef = FB937AB024FC1AA60081CB67 /* inversions.cpp */; };
		FB937ABC24FC2A980081CB67 /* points_and_segments.cpp in Sources */ = {isa = PBXBuildFile; fileRef = FB937ABB24FC2A980081CB67 /* points_and_segments.cpp */; };
		FB937AC724FDC58C0081CB67 /* closest.cpp in Sources */ = {isa = PBXBuildFile; fileRef = FB937AC624FDC58C0081CB67 /* closest.cpp */; };
		FBAE5C4424FAFF9100AB2587 /* main.cpp in Sources */ = {isa = PBXBuildFile; fileRef = FBAE5C4324FAFF9100AB2587 /* main.cpp */; };
		FBAE5C5124FB005200AB2587 /* binary_search.cpp in Sources */ = {isa = PBXBuildFile; fileRef = FBAE5C5024FB005200AB2587 /* binary_search.cpp */; };
		FBB1D1B424FB060600F4627A /* majority_element.cpp in Sources */ = {isa = PBXBuildFile; fileRef = FBB1D1B324FB060600F4627A /* majority_element.cpp */; };
		FBB1D1BF24FB408900F4627A /* sorting.cpp in Sources */ = {isa = PBXBuildFile; fileRef = FBB1D1BE24FB408900F4627A /* sorting.cpp */; };
/* End PBXBuildFile section */

/* Begin PBXCopyFilesBuildPhase section */
		FB937AAC24FC1AA60081CB67 /* CopyFiles */ = {
			isa = PBXCopyFilesBuildPhase;
			buildActionMask = 2147483647;
			dstPath = /usr/share/man/man1/;
			dstSubfolderSpec = 0;
			files = (
			);
			runOnlyForDeploymentPostprocessing = 1;
		};
		FB937AB724FC2A980081CB67 /* CopyFiles */ = {
			isa = PBXCopyFilesBuildPhase;
			buildActionMask = 2147483647;
			dstPath = /usr/share/man/man1/;
			dstSubfolderSpec = 0;
			files = (
			);
			runOnlyForDeploymentPostprocessing = 1;
		};
		FB937AC224FDC58C0081CB67 /* CopyFiles */ = {
			isa = PBXCopyFilesBuildPhase;
			buildActionMask = 2147483647;
			dstPath = /usr/share/man/man1/;
			dstSubfolderSpec = 0;
			files = (
			);
			runOnlyForDeploymentPostprocessing = 1;
		};
		FBAE5C3E24FAFF9100AB2587 /* CopyFiles */ = {
			isa = PBXCopyFilesBuildPhase;
			buildActionMask = 2147483647;
			dstPath = /usr/share/man/man1/;
			dstSubfolderSpec = 0;
			files = (
			);
			runOnlyForDeploymentPostprocessing = 1;
		};
		FBAE5C4C24FB005200AB2587 /* CopyFiles */ = {
			isa = PBXCopyFilesBuildPhase;
			buildActionMask = 2147483647;
			dstPath = /usr/share/man/man1/;
			dstSubfolderSpec = 0;
			files = (
			);
			runOnlyForDeploymentPostprocessing = 1;
		};
		FBB1D1AF24FB060600F4627A /* CopyFiles */ = {
			isa = PBXCopyFilesBuildPhase;
			buildActionMask = 2147483647;
			dstPath = /usr/share/man/man1/;
			dstSubfolderSpec = 0;
			files = (
			);
			runOnlyForDeploymentPostprocessing = 1;
		};
		FBB1D1BA24FB408900F4627A /* CopyFiles */ = {
			isa = PBXCopyFilesBuildPhase;
			buildActionMask = 2147483647;
			dstPath = /usr/share/man/man1/;
			dstSubfolderSpec = 0;
			files = (
			);
			runOnlyForDeploymentPostprocessing = 1;
		};
/* End PBXCopyFilesBuildPhase section */

/* Begin PBXFileReference section */
		FB937AAE24FC1AA60081CB67 /* Inversions */ = {isa = PBXFileReference; explicitFileType = "compiled.mach-o.executable"; includeInIndex = 0; path = Inversions; sourceTree = BUILT_PRODUCTS_DIR; };
		FB937AB024FC1AA60081CB67 /* inversions.cpp */ = {isa = PBXFileReference; lastKnownFileType = sourcecode.cpp.cpp; path = inversions.cpp; sourceTree = "<group>"; };
		FB937AB924FC2A980081CB67 /* OrganizingLottery */ = {isa = PBXFileReference; explicitFileType = "compiled.mach-o.executable"; includeInIndex = 0; path = OrganizingLottery; sourceTree = BUILT_PRODUCTS_DIR; };
		FB937ABB24FC2A980081CB67 /* points_and_segments.cpp */ = {isa = PBXFileReference; lastKnownFileType = sourcecode.cpp.cpp; path = points_and_segments.cpp; sourceTree = "<group>"; };
		FB937AC424FDC58C0081CB67 /* ClosestPoints */ = {isa = PBXFileReference; explicitFileType = "compiled.mach-o.executable"; includeInIndex = 0; path = ClosestPoints; sourceTree = BUILT_PRODUCTS_DIR; };
		FB937AC624FDC58C0081CB67 /* closest.cpp */ = {isa = PBXFileReference; lastKnownFileType = sourcecode.cpp.cpp; path = closest.cpp; sourceTree = "<group>"; };
		FBAE5C4024FAFF9100AB2587 /* DivideAndConquer */ = {isa = PBXFileReference; explicitFileType = "compiled.mach-o.executable"; includeInIndex = 0; path = DivideAndConquer; sourceTree = BUILT_PRODUCTS_DIR; };
		FBAE5C4324FAFF9100AB2587 /* main.cpp */ = {isa = PBXFileReference; lastKnownFileType = sourcecode.cpp.cpp; path = main.cpp; sourceTree = "<group>"; };
		FBAE5C4E24FB005200AB2587 /* BinarySearch */ = {isa = PBXFileReference; explicitFileType = "compiled.mach-o.executable"; includeInIndex = 0; path = BinarySearch; sourceTree = BUILT_PRODUCTS_DIR; };
		FBAE5C5024FB005200AB2587 /* binary_search.cpp */ = {isa = PBXFileReference; lastKnownFileType = sourcecode.cpp.cpp; path = binary_search.cpp; sourceTree = "<group>"; };
		FBB1D1B124FB060600F4627A /* MajorityElement */ = {isa = PBXFileReference; explicitFileType = "compiled.mach-o.executable"; includeInIndex = 0; path = MajorityElement; sourceTree = BUILT_PRODUCTS_DIR; };
		FBB1D1B324FB060600F4627A /* majority_element.cpp */ = {isa = PBXFileReference; lastKnownFileType = sourcecode.cpp.cpp; path = majority_element.cpp; sourceTree = "<group>"; };
		FBB1D1BC24FB408900F4627A /* Sorting */ = {isa = PBXFileReference; explicitFileType = "compiled.mach-o.executable"; includeInIndex = 0; path = Sorting; sourceTree = BUILT_PRODUCTS_DIR; };
		FBB1D1BE24FB408900F4627A /* sorting.cpp */ = {isa = PBXFileReference; lastKnownFileType = sourcecode.cpp.cpp; path = sorting.cpp; sourceTree = "<group>"; };
/* End PBXFileReference section */

/* Begin PBXFrameworksBuildPhase section */
		FB937AAB24FC1AA60081CB67 /* Frameworks */ = {
			isa = PBXFrameworksBuildPhase;
			buildActionMask = 2147483647;
			files = (
			);
			runOnlyForDeploymentPostprocessing = 0;
		};
		FB937AB624FC2A980081CB67 /* Frameworks */ = {
			isa = PBXFrameworksBuildPhase;
			buildActionMask = 2147483647;
			files = (
			);
			runOnlyForDeploymentPostprocessing = 0;
		};
		FB937AC124FDC58C0081CB67 /* Frameworks */ = {
			isa = PBXFrameworksBuildPhase;
			buildActionMask = 2147483647;
			files = (
			);
			runOnlyForDeploymentPostprocessing = 0;
		};
		FBAE5C3D24FAFF9100AB2587 /* Frameworks */ = {
			isa = PBXFrameworksBuildPhase;
			buildActionMask = 2147483647;
			files = (
			);
			runOnlyForDeploymentPostprocessing = 0;
		};
		FBAE5C4B24FB005200AB2587 /* Frameworks */ = {
			isa = PBXFrameworksBuildPhase;
			buildActionMask = 2147483647;
			files = (
			);
			runOnlyForDeploymentPostprocessing = 0;
		};
		FBB1D1AE24FB060600F4627A /* Frameworks */ = {
			isa = PBXFrameworksBuildPhase;
			buildActionMask = 2147483647;
			files = (
			);
			runOnlyForDeploymentPostprocessing = 0;
		};
		FBB1D1B924FB408900F4627A /* Frameworks */ = {
			isa = PBXFrameworksBuildPhase;
			buildActionMask = 2147483647;
			files = (
			);
			runOnlyForDeploymentPostprocessing = 0;
		};
/* End PBXFrameworksBuildPhase section */

/* Begin PBXGroup section */
		FB937AAF24FC1AA60081CB67 /* Inversions */ = {
			isa = PBXGroup;
			children = (
				FB937AB024FC1AA60081CB67 /* inversions.cpp */,
			);
			path = Inversions;
			sourceTree = "<group>";
		};
		FB937ABA24FC2A980081CB67 /* OrganizingLottery */ = {
			isa = PBXGroup;
			children = (
				FB937ABB24FC2A980081CB67 /* points_and_segments.cpp */,
			);
			path = OrganizingLottery;
			sourceTree = "<group>";
		};
		FB937AC524FDC58C0081CB67 /* ClosestPoints */ = {
			isa = PBXGroup;
			children = (
				FB937AC624FDC58C0081CB67 /* closest.cpp */,
			);
			path = ClosestPoints;
			sourceTree = "<group>";
		};
		FBAE5C3724FAFF9100AB2587 = {
			isa = PBXGroup;
			children = (
				FBAE5C4224FAFF9100AB2587 /* DivideAndConquer */,
				FBAE5C4F24FB005200AB2587 /* BinarySearch */,
				FBB1D1B224FB060600F4627A /* MajorityElement */,
				FBB1D1BD24FB408900F4627A /* Sorting */,
				FB937AAF24FC1AA60081CB67 /* Inversions */,
				FB937ABA24FC2A980081CB67 /* OrganizingLottery */,
				FB937AC524FDC58C0081CB67 /* ClosestPoints */,
				FBAE5C4124FAFF9100AB2587 /* Products */,
			);
			sourceTree = "<group>";
		};
		FBAE5C4124FAFF9100AB2587 /* Products */ = {
			isa = PBXGroup;
			children = (
				FBAE5C4024FAFF9100AB2587 /* DivideAndConquer */,
				FBAE5C4E24FB005200AB2587 /* BinarySearch */,
				FBB1D1B124FB060600F4627A /* MajorityElement */,
				FBB1D1BC24FB408900F4627A /* Sorting */,
				FB937AAE24FC1AA60081CB67 /* Inversions */,
				FB937AB924FC2A980081CB67 /* OrganizingLottery */,
				FB937AC424FDC58C0081CB67 /* ClosestPoints */,
			);
			name = Products;
			sourceTree = "<group>";
		};
		FBAE5C4224FAFF9100AB2587 /* DivideAndConquer */ = {
			isa = PBXGroup;
			children = (
				FBAE5C4324FAFF9100AB2587 /* main.cpp */,
			);
			path = DivideAndConquer;
			sourceTree = "<group>";
		};
		FBAE5C4F24FB005200AB2587 /* BinarySearch */ = {
			isa = PBXGroup;
			children = (
				FBAE5C5024FB005200AB2587 /* binary_search.cpp */,
			);
			path = BinarySearch;
			sourceTree = "<group>";
		};
		FBB1D1B224FB060600F4627A /* MajorityElement */ = {
			isa = PBXGroup;
			children = (
				FBB1D1B324FB060600F4627A /* majority_element.cpp */,
			);
			path = MajorityElement;
			sourceTree = "<group>";
		};
		FBB1D1BD24FB408900F4627A /* Sorting */ = {
			isa = PBXGroup;
			children = (
				FBB1D1BE24FB408900F4627A /* sorting.cpp */,
			);
			path = Sorting;
			sourceTree = "<group>";
		};
/* End PBXGroup section */

/* Begin PBXNativeTarget section */
		FB937AAD24FC1AA60081CB67 /* Inversions */ = {
			isa = PBXNativeTarget;
			buildConfigurationList = FB937AB424FC1AA60081CB67 /* Build configuration list for PBXNativeTarget "Inversions" */;
			buildPhases = (
				FB937AAA24FC1AA60081CB67 /* Sources */,
				FB937AAB24FC1AA60081CB67 /* Frameworks */,
				FB937AAC24FC1AA60081CB67 /* CopyFiles */,
			);
			buildRules = (
			);
			dependencies = (
			);
			name = Inversions;
			productName = Inversions;
			productReference = FB937AAE24FC1AA60081CB67 /* Inversions */;
			productType = "com.apple.product-type.tool";
		};
		FB937AB824FC2A980081CB67 /* OrganizingLottery */ = {
			isa = PBXNativeTarget;
			buildConfigurationList = FB937ABD24FC2A980081CB67 /* Build configuration list for PBXNativeTarget "OrganizingLottery" */;
			buildPhases = (
				FB937AB524FC2A980081CB67 /* Sources */,
				FB937AB624FC2A980081CB67 /* Frameworks */,
				FB937AB724FC2A980081CB67 /* CopyFiles */,
			);
			buildRules = (
			);
			dependencies = (
			);
			name = OrganizingLottery;
			productName = OrganizingLottery;
			productReference = FB937AB924FC2A980081CB67 /* OrganizingLottery */;
			productType = "com.apple.product-type.tool";
		};
		FB937AC324FDC58C0081CB67 /* ClosestPoints */ = {
			isa = PBXNativeTarget;
			buildConfigurationList = FB937ACA24FDC58C0081CB67 /* Build configuration list for PBXNativeTarget "ClosestPoints" */;
			buildPhases = (
				FB937AC024FDC58C0081CB67 /* Sources */,
				FB937AC124FDC58C0081CB67 /* Frameworks */,
				FB937AC224FDC58C0081CB67 /* CopyFiles */,
			);
			buildRules = (
			);
			dependencies = (
			);
			name = ClosestPoints;
			productName = ClosestPoints;
			productReference = FB937AC424FDC58C0081CB67 /* ClosestPoints */;
			productType = "com.apple.product-type.tool";
		};
		FBAE5C3F24FAFF9100AB2587 /* DivideAndConquer */ = {
			isa = PBXNativeTarget;
			buildConfigurationList = FBAE5C4724FAFF9100AB2587 /* Build configuration list for PBXNativeTarget "DivideAndConquer" */;
			buildPhases = (
				FBAE5C3C24FAFF9100AB2587 /* Sources */,
				FBAE5C3D24FAFF9100AB2587 /* Frameworks */,
				FBAE5C3E24FAFF9100AB2587 /* CopyFiles */,
			);
			buildRules = (
			);
			dependencies = (
			);
			name = DivideAndConquer;
			productName = DivideAndConquer;
			productReference = FBAE5C4024FAFF9100AB2587 /* DivideAndConquer */;
			productType = "com.apple.product-type.tool";
		};
		FBAE5C4D24FB005200AB2587 /* BinarySearch */ = {
			isa = PBXNativeTarget;
			buildConfigurationList = FBAE5C5224FB005200AB2587 /* Build configuration list for PBXNativeTarget "BinarySearch" */;
			buildPhases = (
				FBAE5C4A24FB005200AB2587 /* Sources */,
				FBAE5C4B24FB005200AB2587 /* Frameworks */,
				FBAE5C4C24FB005200AB2587 /* CopyFiles */,
			);
			buildRules = (
			);
			dependencies = (
			);
			name = BinarySearch;
			productName = BinarySearch;
			productReference = FBAE5C4E24FB005200AB2587 /* BinarySearch */;
			productType = "com.apple.product-type.tool";
		};
		FBB1D1B024FB060600F4627A /* MajorityElement */ = {
			isa = PBXNativeTarget;
			buildConfigurationList = FBB1D1B724FB060600F4627A /* Build configuration list for PBXNativeTarget "MajorityElement" */;
			buildPhases = (
				FBB1D1AD24FB060600F4627A /* Sources */,
				FBB1D1AE24FB060600F4627A /* Frameworks */,
				FBB1D1AF24FB060600F4627A /* CopyFiles */,
			);
			buildRules = (
			);
			dependencies = (
			);
			name = MajorityElement;
			productName = MajorityElement;
			productReference = FBB1D1B124FB060600F4627A /* MajorityElement */;
			productType = "com.apple.product-type.tool";
		};
		FBB1D1BB24FB408900F4627A /* Sorting */ = {
			isa = PBXNativeTarget;
			buildConfigurationList = FBB1D1C024FB408900F4627A /* Build configuration list for PBXNativeTarget "Sorting" */;
			buildPhases = (
				FBB1D1B824FB408900F4627A /* Sources */,
				FBB1D1B924FB408900F4627A /* Frameworks */,
				FBB1D1BA24FB408900F4627A /* CopyFiles */,
			);
			buildRules = (
			);
			dependencies = (
			);
			name = Sorting;
			productName = Sorting;
			productReference = FBB1D1BC24FB408900F4627A /* Sorting */;
			productType = "com.apple.product-type.tool";
		};
/* End PBXNativeTarget section */

/* Begin PBXProject section */
		FBAE5C3824FAFF9100AB2587 /* Project object */ = {
			isa = PBXProject;
			attributes = {
				LastUpgradeCheck = 1150;
				ORGANIZATIONNAME = "Santiago Pelaez Rua";
				TargetAttributes = {
					FB937AAD24FC1AA60081CB67 = {
						CreatedOnToolsVersion = 11.5;
					};
					FB937AB824FC2A980081CB67 = {
						CreatedOnToolsVersion = 11.5;
					};
					FB937AC324FDC58C0081CB67 = {
						CreatedOnToolsVersion = 11.5;
					};
					FBAE5C3F24FAFF9100AB2587 = {
						CreatedOnToolsVersion = 11.5;
					};
					FBAE5C4D24FB005200AB2587 = {
						CreatedOnToolsVersion = 11.5;
					};
					FBB1D1B024FB060600F4627A = {
						CreatedOnToolsVersion = 11.5;
					};
					FBB1D1BB24FB408900F4627A = {
						CreatedOnToolsVersion = 11.5;
					};
				};
			};
			buildConfigurationList = FBAE5C3B24FAFF9100AB2587 /* Build configuration list for PBXProject "DivideAndConquer" */;
			compatibilityVersion = "Xcode 9.3";
			developmentRegion = en;
			hasScannedForEncodings = 0;
			knownRegions = (
				en,
				Base,
			);
			mainGroup = FBAE5C3724FAFF9100AB2587;
			productRefGroup = FBAE5C4124FAFF9100AB2587 /* Products */;
			projectDirPath = "";
			projectRoot = "";
			targets = (
				FBAE5C3F24FAFF9100AB2587 /* DivideAndConquer */,
				FBAE5C4D24FB005200AB2587 /* BinarySearch */,
				FBB1D1B024FB060600F4627A /* MajorityElement */,
				FBB1D1BB24FB408900F4627A /* Sorting */,
				FB937AAD24FC1AA60081CB67 /* Inversions */,
				FB937AB824FC2A980081CB67 /* OrganizingLottery */,
				FB937AC324FDC58C0081CB67 /* ClosestPoints */,
			);
		};
/* End PBXProject section */

/* Begin PBXSourcesBuildPhase section */
		FB937AAA24FC1AA60081CB67 /* Sources */ = {
			isa = PBXSourcesBuildPhase;
			buildActionMask = 2147483647;
			files = (
				FB937AB124FC1AA60081CB67 /* inversions.cpp in Sources */,
			);
			runOnlyForDeploymentPostprocessing = 0;
		};
		FB937AB524FC2A980081CB67 /* Sources */ = {
			isa = PBXSourcesBuildPhase;
			buildActionMask = 2147483647;
			files = (
				FB937ABC24FC2A980081CB67 /* points_and_segments.cpp in Sources */,
			);
			runOnlyForDeploymentPostprocessing = 0;
		};
		FB937AC024FDC58C0081CB67 /* Sources */ = {
			isa = PBXSourcesBuildPhase;
			buildActionMask = 2147483647;
			files = (
				FB937AC724FDC58C0081CB67 /* closest.cpp in Sources */,
			);
			runOnlyForDeploymentPostprocessing = 0;
		};
		FBAE5C3C24FAFF9100AB2587 /* Sources */ = {
			isa = PBXSourcesBuildPhase;
			buildActionMask = 2147483647;
			files = (
				FBAE5C4424FAFF9100AB2587 /* main.cpp in Sources */,
			);
			runOnlyForDeploymentPostprocessing = 0;
		};
		FBAE5C4A24FB005200AB2587 /* Sources */ = {
			isa = PBXSourcesBuildPhase;
			buildActionMask = 2147483647;
			files = (
				FBAE5C5124FB005200AB2587 /* binary_search.cpp in Sources */,
			);
			runOnlyForDeploymentPostprocessing = 0;
		};
		FBB1D1AD24FB060600F4627A /* Sources */ = {
			isa = PBXSourcesBuildPhase;
			buildActionMask = 2147483647;
			files = (
				FBB1D1B424FB060600F4627A /* majority_element.cpp in Sources */,
			);
			runOnlyForDeploymentPostprocessing = 0;
		};
		FBB1D1B824FB408900F4627A /* Sources */ = {
			isa = PBXSourcesBuildPhase;
			buildActionMask = 2147483647;
			files = (
				FBB1D1BF24FB408900F4627A /* sorting.cpp in Sources */,
			);
			runOnlyForDeploymentPostprocessing = 0;
		};
/* End PBXSourcesBuildPhase section */

/* Begin XCBuildConfiguration section */
		FB937AB224FC1AA60081CB67 /* Debug */ = {
			isa = XCBuildConfiguration;
			buildSettings = {
				CODE_SIGN_STYLE = Automatic;
				DEVELOPMENT_TEAM = 8T8AJDDZXP;
				ENABLE_HARDENED_RUNTIME = YES;
				PRODUCT_NAME = "$(TARGET_NAME)";
			};
			name = Debug;
		};
		FB937AB324FC1AA60081CB67 /* Release */ = {
			isa = XCBuildConfiguration;
			buildSettings = {
				CODE_SIGN_STYLE = Automatic;
				DEVELOPMENT_TEAM = 8T8AJDDZXP;
				ENABLE_HARDENED_RUNTIME = YES;
				PRODUCT_NAME = "$(TARGET_NAME)";
			};
			name = Release;
		};
		FB937ABE24FC2A980081CB67 /* Debug */ = {
			isa = XCBuildConfiguration;
			buildSettings = {
				CODE_SIGN_STYLE = Automatic;
				DEVELOPMENT_TEAM = 8T8AJDDZXP;
				ENABLE_HARDENED_RUNTIME = YES;
				PRODUCT_NAME = "$(TARGET_NAME)";
			};
			name = Debug;
		};
		FB937ABF24FC2A980081CB67 /* Release */ = {
			isa = XCBuildConfiguration;
			buildSettings = {
				CODE_SIGN_STYLE = Automatic;
				DEVELOPMENT_TEAM = 8T8AJDDZXP;
				ENABLE_HARDENED_RUNTIME = YES;
				PRODUCT_NAME = "$(TARGET_NAME)";
			};
			name = Release;
		};
		FB937AC824FDC58C0081CB67 /* Debug */ = {
			isa = XCBuildConfiguration;
			buildSettings = {
				CODE_SIGN_STYLE = Automatic;
				DEVELOPMENT_TEAM = 8T8AJDDZXP;
				ENABLE_HARDENED_RUNTIME = YES;
				PRODUCT_NAME = "$(TARGET_NAME)";
			};
			name = Debug;
		};
		FB937AC924FDC58C0081CB67 /* Release */ = {
			isa = XCBuildConfiguration;
			buildSettings = {
				CODE_SIGN_STYLE = Automatic;
				DEVELOPMENT_TEAM = 8T8AJDDZXP;
				ENABLE_HARDENED_RUNTIME = YES;
				PRODUCT_NAME = "$(TARGET_NAME)";
			};
			name = Release;
		};
		FBAE5C4524FAFF9100AB2587 /* Debug */ = {
			isa = XCBuildConfiguration;
			buildSettings = {
				ALWAYS_SEARCH_USER_PATHS = NO;
				CLANG_ANALYZER_NONNULL = YES;
				CLANG_ANALYZER_NUMBER_OBJECT_CONVERSION = YES_AGGRESSIVE;
				CLANG_CXX_LANGUAGE_STANDARD = "gnu++14";
				CLANG_CXX_LIBRARY = "libc++";
				CLANG_ENABLE_MODULES = YES;
				CLANG_ENABLE_OBJC_ARC = YES;
				CLANG_ENABLE_OBJC_WEAK = YES;
				CLANG_WARN_BLOCK_CAPTURE_AUTORELEASING = YES;
				CLANG_WARN_BOOL_CONVERSION = YES;
				CLANG_WARN_COMMA = YES;
				CLANG_WARN_CONSTANT_CONVERSION = YES;
				CLANG_WARN_DEPRECATED_OBJC_IMPLEMENTATIONS = YES;
				CLANG_WARN_DIRECT_OBJC_ISA_USAGE = YES_ERROR;
				CLANG_WARN_DOCUMENTATION_COMMENTS = YES;
				CLANG_WARN_EMPTY_BODY = YES;
				CLANG_WARN_ENUM_CONVERSION = YES;
				CLANG_WARN_INFINITE_RECURSION = YES;
				CLANG_WARN_INT_CONVERSION = YES;
				CLANG_WARN_NON_LITERAL_NULL_CONVERSION = YES;
				CLANG_WARN_OBJC_IMPLICIT_RETAIN_SELF = YES;
				CLANG_WARN_OBJC_LITERAL_CONVERSION = YES;
				CLANG_WARN_OBJC_ROOT_CLASS = YES_ERROR;
				CLANG_WARN_RANGE_LOOP_ANALYSIS = YES;
				CLANG_WARN_STRICT_PROTOTYPES = YES;
				CLANG_WARN_SUSPICIOUS_MOVE = YES;
				CLANG_WARN_UNGUARDED_AVAILABILITY = YES_AGGRESSIVE;
				CLANG_WARN_UNREACHABLE_CODE = YES;
				CLANG_WARN__DUPLICATE_METHOD_MATCH = YES;
				COPY_PHASE_STRIP = NO;
				DEBUG_INFORMATION_FORMAT = dwarf;
				ENABLE_STRICT_OBJC_MSGSEND = YES;
				ENABLE_TESTABILITY = YES;
				GCC_C_LANGUAGE_STANDARD = gnu11;
				GCC_DYNAMIC_NO_PIC = NO;
				GCC_NO_COMMON_BLOCKS = YES;
				GCC_OPTIMIZATION_LEVEL = 0;
				GCC_PREPROCESSOR_DEFINITIONS = (
					"DEBUG=1",
					"$(inherited)",
				);
				GCC_WARN_64_TO_32_BIT_CONVERSION = YES;
				GCC_WARN_ABOUT_RETURN_TYPE = YES_ERROR;
				GCC_WARN_UNDECLARED_SELECTOR = YES;
				GCC_WARN_UNINITIALIZED_AUTOS = YES_AGGRESSIVE;
				GCC_WARN_UNUSED_FUNCTION = YES;
				GCC_WARN_UNUSED_VARIABLE = YES;
				MACOSX_DEPLOYMENT_TARGET = 10.15;
				MTL_ENABLE_DEBUG_INFO = INCLUDE_SOURCE;
				MTL_FAST_MATH = YES;
				ONLY_ACTIVE_ARCH = YES;
				SDKROOT = macosx;
			};
			name = Debug;
		};
		FBAE5C4624FAFF9100AB2587 /* Release */ = {
			isa = XCBuildConfiguration;
			buildSettings = {
				ALWAYS_SEARCH_USER_PATHS = NO;
				CLANG_ANALYZER_NONNULL = YES;
				CLANG_ANALYZER_NUMBER_OBJECT_CONVERSION = YES_AGGRESSIVE;
				CLANG_CXX_LANGUAGE_STANDARD = "gnu++14";
				CLANG_CXX_LIBRARY = "libc++";
				CLANG_ENABLE_MODULES = YES;
				CLANG_ENABLE_OBJC_ARC = YES;
				CLANG_ENABLE_OBJC_WEAK = YES;
				CLANG_WARN_BLOCK_CAPTURE_AUTORELEASING = YES;
				CLANG_WARN_BOOL_CONVERSION = YES;
				CLANG_WARN_COMMA = YES;
				CLANG_WARN_CONSTANT_CONVERSION = YES;
				CLANG_WARN_DEPRECATED_OBJC_IMPLEMENTATIONS = YES;
				CLANG_WARN_DIRECT_OBJC_ISA_USAGE = YES_ERROR;
				CLANG_WARN_DOCUMENTATION_COMMENTS = YES;
				CLANG_WARN_EMPTY_BODY = YES;
				CLANG_WARN_ENUM_CONVERSION = YES;
				CLANG_WARN_INFINITE_RECURSION = YES;
				CLANG_WARN_INT_CONVERSION = YES;
				CLANG_WARN_NON_LITERAL_NULL_CONVERSION = YES;
				CLANG_WARN_OBJC_IMPLICIT_RETAIN_SELF = YES;
				CLANG_WARN_OBJC_LITERAL_CONVERSION = YES;
				CLANG_WARN_OBJC_ROOT_CLASS = YES_ERROR;
				CLANG_WARN_RANGE_LOOP_ANALYSIS = YES;
				CLANG_WARN_STRICT_PROTOTYPES = YES;
				CLANG_WARN_SUSPICIOUS_MOVE = YES;
				CLANG_WARN_UNGUARDED_AVAILABILITY = YES_AGGRESSIVE;
				CLANG_WARN_UNREACHABLE_CODE = YES;
				CLANG_WARN__DUPLICATE_METHOD_MATCH = YES;
				COPY_PHASE_STRIP = NO;
				DEBUG_INFORMATION_FORMAT = "dwarf-with-dsym";
				ENABLE_NS_ASSERTIONS = NO;
				ENABLE_STRICT_OBJC_MSGSEND = YES;
				GCC_C_LANGUAGE_STANDARD = gnu11;
				GCC_NO_COMMON_BLOCKS = YES;
				GCC_WARN_64_TO_32_BIT_CONVERSION = YES;
				GCC_WARN_ABOUT_RETURN_TYPE = YES_ERROR;
				GCC_WARN_UNDECLARED_SELECTOR = YES;
				GCC_WARN_UNINITIALIZED_AUTOS = YES_AGGRESSIVE;
				GCC_WARN_UNUSED_FUNCTION = YES;
				GCC_WARN_UNUSED_VARIABLE = YES;
				MACOSX_DEPLOYMENT_TARGET = 10.15;
				MTL_ENABLE_DEBUG_INFO = NO;
				MTL_FAST_MATH = YES;
				SDKROOT = macosx;
			};
			name = Release;
		};
		FBAE5C4824FAFF9100AB2587 /* Debug */ = {
			isa = XCBuildConfiguration;
			buildSettings = {
				CODE_SIGN_STYLE = Automatic;
				DEVELOPMENT_TEAM = 8T8AJDDZXP;
				ENABLE_HARDENED_RUNTIME = YES;
				PRODUCT_NAME = "$(TARGET_NAME)";
			};
			name = Debug;
		};
		FBAE5C4924FAFF9100AB2587 /* Release */ = {
			isa = XCBuildConfiguration;
			buildSettings = {
				CODE_SIGN_STYLE = Automatic;
				DEVELOPMENT_TEAM = 8T8AJDDZXP;
				ENABLE_HARDENED_RUNTIME = YES;
				PRODUCT_NAME = "$(TARGET_NAME)";
			};
			name = Release;
		};
		FBAE5C5324FB005200AB2587 /* Debug */ = {
			isa = XCBuildConfiguration;
			buildSettings = {
				CODE_SIGN_STYLE = Automatic;
				DEVELOPMENT_TEAM = 8T8AJDDZXP;
				ENABLE_HARDENED_RUNTIME = YES;
				PRODUCT_NAME = "$(TARGET_NAME)";
			};
			name = Debug;
		};
		FBAE5C5424FB005200AB2587 /* Release */ = {
			isa = XCBuildConfiguration;
			buildSettings = {
				CODE_SIGN_STYLE = Automatic;
				DEVELOPMENT_TEAM = 8T8AJDDZXP;
				ENABLE_HARDENED_RUNTIME = YES;
				PRODUCT_NAME = "$(TARGET_NAME)";
			};
			name = Release;
		};
		FBB1D1B524FB060600F4627A /* Debug */ = {
			isa = XCBuildConfiguration;
			buildSettings = {
				CODE_SIGN_STYLE = Automatic;
				DEVELOPMENT_TEAM = 8T8AJDDZXP;
				ENABLE_HARDENED_RUNTIME = YES;
				PRODUCT_NAME = "$(TARGET_NAME)";
			};
			name = Debug;
		};
		FBB1D1B624FB060600F4627A /* Release */ = {
			isa = XCBuildConfiguration;
			buildSettings = {
				CODE_SIGN_STYLE = Automatic;
				DEVELOPMENT_TEAM = 8T8AJDDZXP;
				ENABLE_HARDENED_RUNTIME = YES;
				PRODUCT_NAME = "$(TARGET_NAME)";
			};
			name = Release;
		};
		FBB1D1C124FB408900F4627A /* Debug */ = {
			isa = XCBuildConfiguration;
			buildSettings = {
				CODE_SIGN_STYLE = Automatic;
				DEVELOPMENT_TEAM = 8T8AJDDZXP;
				ENABLE_HARDENED_RUNTIME = YES;
				PRODUCT_NAME = "$(TARGET_NAME)";
			};
			name = Debug;
		};
		FBB1D1C224FB408900F4627A /* Release */ = {
			isa = XCBuildConfiguration;
			buildSettings = {
				CODE_SIGN_STYLE = Automatic;
				DEVELOPMENT_TEAM = 8T8AJDDZXP;
				ENABLE_HARDENED_RUNTIME = YES;
				PRODUCT_NAME = "$(TARGET_NAME)";
			};
			name = Release;
		};
/* End XCBuildConfiguration section */

/* Begin XCConfigurationList section */
		FB937AB424FC1AA60081CB67 /* Build configuration list for PBXNativeTarget "Inversions" */ = {
			isa = XCConfigurationList;
			buildConfigurations = (
				FB937AB224FC1AA60081CB67 /* Debug */,
				FB937AB324FC1AA60081CB67 /* Release */,
			);
			defaultConfigurationIsVisible = 0;
			defaultConfigurationName = Release;
		};
		FB937ABD24FC2A980081CB67 /* Build configuration list for PBXNativeTarget "OrganizingLottery" */ = {
			isa = XCConfigurationList;
			buildConfigurations = (
				FB937ABE24FC2A980081CB67 /* Debug */,
				FB937ABF24FC2A980081CB67 /* Release */,
			);
			defaultConfigurationIsVisible = 0;
			defaultConfigurationName = Release;
		};
		FB937ACA24FDC58C0081CB67 /* Build configuration list for PBXNativeTarget "ClosestPoints" */ = {
			isa = XCConfigurationList;
			buildConfigurations = (
				FB937AC824FDC58C0081CB67 /* Debug */,
				FB937AC924FDC58C0081CB67 /* Release */,
			);
			defaultConfigurationIsVisible = 0;
			defaultConfigurationName = Release;
		};
		FBAE5C3B24FAFF9100AB2587 /* Build configuration list for PBXProject "DivideAndConquer" */ = {
			isa = XCConfigurationList;
			buildConfigurations = (
				FBAE5C4524FAFF9100AB2587 /* Debug */,
				FBAE5C4624FAFF9100AB2587 /* Release */,
			);
			defaultConfigurationIsVisible = 0;
			defaultConfigurationName = Release;
		};
		FBAE5C4724FAFF9100AB2587 /* Build configuration list for PBXNativeTarget "DivideAndConquer" */ = {
			isa = XCConfigurationList;
			buildConfigurations = (
				FBAE5C4824FAFF9100AB2587 /* Debug */,
				FBAE5C4924FAFF9100AB2587 /* Release */,
			);
			defaultConfigurationIsVisible = 0;
			defaultConfigurationName = Release;
		};
		FBAE5C5224FB005200AB2587 /* Build configuration list for PBXNativeTarget "BinarySearch" */ = {
			isa = XCConfigurationList;
			buildConfigurations = (
				FBAE5C5324FB005200AB2587 /* Debug */,
				FBAE5C5424FB005200AB2587 /* Release */,
			);
			defaultConfigurationIsVisible = 0;
			defaultConfigurationName = Release;
		};
		FBB1D1B724FB060600F4627A /* Build configuration list for PBXNativeTarget "MajorityElement" */ = {
			isa = XCConfigurationList;
			buildConfigurations = (
				FBB1D1B524FB060600F4627A /* Debug */,
				FBB1D1B624FB060600F4627A /* Release */,
			);
			defaultConfigurationIsVisible = 0;
			defaultConfigurationName = Release;
		};
		FBB1D1C024FB408900F4627A /* Build configuration list for PBXNativeTarget "Sorting" */ = {
			isa = XCConfigurationList;
			buildConfigurations = (
				FBB1D1C124FB408900F4627A /* Debug */,
				FBB1D1C224FB408900F4627A /* Release */,
			);
			defaultConfigurationIsVisible = 0;
			defaultConfigurationName = Release;
		};
/* End XCConfigurationList section */
	};
	rootObject = FBAE5C3824FAFF9100AB2587 /* Project object */;
}
